
Microsoft Visual Studio Solution File, Format Version 12.00
# Visual Studio Version 16
VisualStudioVersion = 16.0.31129.286
MinimumVisualStudioVersion = 10.0.40219.1
Project("{FAE04EC0-301F-11D3-BF4B-00C04F79EFBC}") = "ToDo", "ToDo\ToDo.csproj", "{AE331D10-2246-469E-8F44-F0E69BE213BC}"
EndProject
Global
	GlobalSection(SolutionConfigurationPlatforms) = preSolution
		Debug|Any CPU = Debug|Any CPU
		Release|Any CPU = Release|Any CPU
	EndGlobalSection
	GlobalSection(ProjectConfigurationPlatforms) = postSolution
		{AE331D10-2246-469E-8F44-F0E69BE213BC}.Debug|Any CPU.ActiveCfg = Debug|Any CPU
		{AE331D10-2246-469E-8F44-F0E69BE213BC}.Debug|Any CPU.Build.0 = Debug|Any CPU
		{AE331D10-2246-469E-8F44-F0E69BE213BC}.Release|Any CPU.ActiveCfg = Release|Any CPU
		{AE331D10-2246-469E-8F44-F0E69BE213BC}.Release|Any CPU.Build.0 = Release|Any CPU
	EndGlobalSection
	GlobalSection(SolutionProperties) = preSolution
		HideSolutionNode = FALSE
	EndGlobalSection
	GlobalSection(ExtensibilityGlobals) = postSolution
		SolutionGuid = {675C14BC-CCB3-462B-9B1B-BC6E75E347C5}
	EndGlobalSection
EndGlobal
